
Microsoft Visual Studio Solution File, Format Version 12.00
# Visual Studio Version 17
VisualStudioVersion = 17.4.33403.182
MinimumVisualStudioVersion = 10.0.40219.1
Project("{8BC9CEB8-8B4A-11D0-8D11-00A0C91BC942}") = "Singularity.Core", "Singularity.Core\Singularity.Core.vcxproj", "{8BE094A4-C471-4572-890F-DD3C29529126}"
EndProject
Global
	GlobalSection(SolutionConfigurationPlatforms) = preSolution
		Debug|Win32 = Debug|Win32
		Debug|x64 = Debug|x64
		Release|Win32 = Release|Win32
		Release|x64 = Release|x64
	EndGlobalSection
	GlobalSection(ProjectConfigurationPlatforms) = postSolution
		{8BE094A4-C471-4572-890F-DD3C29529126}.Debug|Win32.ActiveCfg = Debug|x64
		{8BE094A4-C471-4572-890F-DD3C29529126}.Debug|Win32.Build.0 = Debug|x64
		{8BE094A4-C471-4572-890F-DD3C29529126}.Debug|x64.ActiveCfg = Debug|x64
		{8BE094A4-C471-4572-890F-DD3C29529126}.Debug|x64.Build.0 = Debug|x64
		{8BE094A4-C471-4572-890F-DD3C29529126}.Release|Win32.ActiveCfg = Release|x64
		{8BE094A4-C471-4572-890F-DD3C29529126}.Release|Win32.Build.0 = Release|x64
		{8BE094A4-C471-4572-890F-DD3C29529126}.Release|x64.ActiveCfg = Release|x64
		{8BE094A4-C471-4572-890F-DD3C29529126}.Release|x64.Build.0 = Release|x64
	EndGlobalSection
	GlobalSection(SolutionProperties) = preSolution
		HideSolutionNode = FALSE
	EndGlobalSection
	GlobalSection(ExtensibilityGlobals) = postSolution
		SolutionGuid = {795EC705-D64E-4823-A3D0-47AD665E3DF5}
	EndGlobalSection
EndGlobal
